
Microsoft Visual Studio Solution File, Format Version 12.00
# Visual Studio 15
VisualStudioVersion = 15.0.28307.421
MinimumVisualStudioVersion = 10.0.40219.1
Project("{FAE04EC0-301F-11D3-BF4B-00C04F79EFBC}") = "AspNetCoreMediatR", "AspNetCoreMediatR\AspNetCoreMediatR.csproj", "{EB8F7CBB-7B02-4BED-8767-AFBF1927C267}"
EndProject
Global
	GlobalSection(SolutionConfigurationPlatforms) = preSolution
		Debug|Any CPU = Debug|Any CPU
		Release|Any CPU = Release|Any CPU
	EndGlobalSection
	GlobalSection(ProjectConfigurationPlatforms) = postSolution
		{EB8F7CBB-7B02-4BED-8767-AFBF1927C267}.Debug|Any CPU.ActiveCfg = Debug|Any CPU
		{EB8F7CBB-7B02-4BED-8767-AFBF1927C267}.Debug|Any CPU.Build.0 = Debug|Any CPU
		{EB8F7CBB-7B02-4BED-8767-AFBF1927C267}.Release|Any CPU.ActiveCfg = Release|Any CPU
		{EB8F7CBB-7B02-4BED-8767-AFBF1927C267}.Release|Any CPU.Build.0 = Release|Any CPU
	EndGlobalSection
	GlobalSection(SolutionProperties) = preSolution
		HideSolutionNode = FALSE
	EndGlobalSection
	GlobalSection(ExtensibilityGlobals) = postSolution
		SolutionGuid = {D4A51B53-20AD-4A4A-BB09-5E50070660C2}
	EndGlobalSection
EndGlobal
